lockfile_version: '1'
generated_at: '2026-06-10T21:58:16.918673+00:00'
apm_version: 0.19.0
dependencies:
- repo_url: mubaidr/gem-team
  host: github.com
  resolved_commit: e46ff5a7a8d9bf19702945efde58d1d27e778e75
  package_type: marketplace_plugin
  deployed_files:
  - .opencode/agents/gem-browser-tester.md
  - .opencode/agents/gem-code-simplifier.md
  - .opencode/agents/gem-critic.md
  - .opencode/agents/gem-debugger.md
  - .opencode/agents/gem-designer-mobile.md
  - .opencode/agents/gem-designer.md
  - .opencode/agents/gem-devops.md
  - .opencode/agents/gem-documentation-writer.md
  - .opencode/agents/gem-implementer-mobile.md
  - .opencode/agents/gem-implementer.md
  - .opencode/agents/gem-mobile-tester.md
  - .opencode/agents/gem-orchestrator.md
  - .opencode/agents/gem-planner.md
  - .opencode/agents/gem-researcher.md
  - .opencode/agents/gem-reviewer.md
  - .opencode/agents/gem-skill-creator.md
  deployed_file_hashes:
    .opencode/agents/gem-browser-tester.md: sha256:b219bd7a05a0ab347faa4f59cd8973a0a785bb0bcad893980e0a2bb9bd4089b3
    .opencode/agents/gem-code-simplifier.md: sha256:dd6342a9f507b30ac2dc8a0d6f138595c5d6e3af4630f0f1ab816bd03b7202da
    .opencode/agents/gem-critic.md: sha256:74d961d5a5cbfba7b5ab9ca22727db414fbd6e32111542005abbcd9de116a22f
    .opencode/agents/gem-debugger.md: sha256:18b9bcc7704114bc669c3979b64fedf231b389b9d68fa218e80438c7fbd5f664
    .opencode/agents/gem-designer-mobile.md: sha256:6340c51fdfba30b0da052cbe4bbd0d3fb815454ee4cc661571ca99b36e737757
    .opencode/agents/gem-designer.md: sha256:0cbd29353e89c932239f503e2e50237272185537e11d6b5d9c38998383e00b26
    .opencode/agents/gem-devops.md: sha256:35f671f94bb0ceb938a8befe3b6ef83729320ae1b466105a13267dc8e9be7fc2
    .opencode/agents/gem-documentation-writer.md: sha256:b969444ec477b2eea429f7922422d66636107fa0c53944a89d656467839d5169
    .opencode/agents/gem-implementer-mobile.md: sha256:dd5004aa347f0c56a873f6360a095b41d4103ebd850cb744ef401bdcce6841bd
    .opencode/agents/gem-implementer.md: sha256:18b7dcb4d32d8d28d0a5465c6c2356d36c1a0a467aa8dd687ab7273e3d446be0
    .opencode/agents/gem-mobile-tester.md: sha256:cd4b149c94cfdaa20b6b7f5436e63794e094980bb6ac7a2f5c9708ee91b363db
    .opencode/agents/gem-orchestrator.md: sha256:4b13730d85045b3bf7b93f0126fba266ab608fd84d74a7d5c5e02b71353fc016
    .opencode/agents/gem-planner.md: sha256:6dd2714e38d5ad7fa7d4e62f87821d46df7704c4debbbae9e772c4226fd64cad
    .opencode/agents/gem-researcher.md: sha256:d1c081b116ed5eeee156ba68a694e95830e15a293cc8094ae072b819d871d8de
    .opencode/agents/gem-reviewer.md: sha256:483fef7c3be96905532f602b6e90821acba6e4094b7a819af38f237d0b8ed488
    .opencode/agents/gem-skill-creator.md: sha256:81d61ae6e5f36f25a8bf5e688b9f0cacab14c61f3f7934468e61673a36f6ba79
  content_hash: sha256:42f4e838427f0c247564c717c8cfbd2fc6abd3ce7bd2bea8be8ed955827b21c8
